<Solution>
  <Folder Name="/Application.Tests/">
    <Project Path="Application.Tests/TransferMarketPlatform.Application.Tests.csproj" />
  </Folder>
  <Folder Name="/Application/">
    <Project Path="Application/TransferMarketPlatform.Application.csproj" />
  </Folder>
  <Folder Name="/Domain/">
    <Project Path="Domain/TransferMarketPlatform.Domain.csproj" />
  </Folder>
  <Folder Name="/Infrastructure.Tests/">
    <Project Path="Infrastructure.Tests/TransferMarketPlatform.Infrastructure.Tests.csproj" />
  </Folder>
  <Folder Name="/Infrastructure/">
    <Project Path="Infrastructure/TransferMarketPlatform.Infrastructure.csproj" />
  </Folder>
  <Folder Name="/WebApi/">
    <Project Path="WebApi/TransferMarketPlatform.WebApi.csproj" />
  </Folder>
</Solution>
